// !$*UTF8*$!
{
	archiveVersion = 1;
	classes = {
	};
	objectVersion = 56;
	objects = {

/* Begin PBXBuildFile section */
		5D663E0D2933A7C000086F43 /* ClockWorkNoAngstApp.swift in Sources */ = {isa = PBXBuildFile; fileRef = 5D663E0C2933A7C000086F43 /* ClockWorkNoAngstApp.swift */; };
		5D663E0F2933A7C000086F43 /* ContentView.swift in Sources */ = {isa = PBXBuildFile; fileRef = 5D663E0E2933A7C000086F43 /* ContentView.swift */; };
		5D663E112933A7C500086F43 /* Assets.xcassets in Resources */ = {isa = PBXBuildFile; fileRef = 5D663E102933A7C500086F43 /* Assets.xcassets */; };
		5D663E142933A7C500086F43 /* Preview Assets.xcassets in Resources */ = {isa = PBXBuildFile; fileRef = 5D663E132933A7C500086F43 /* Preview Assets.xcassets */; };
		5D663E162933A7C500086F43 /* Persistence.swift in Sources */ = {isa = PBXBuildFile; fileRef = 5D663E152933A7C500086F43 /* Persistence.swift */; };
		5D663E192933A7C500086F43 /* ClockWorkNoAngst.xcdatamodeld in Sources */ = {isa = PBXBuildFile; fileRef = 5D663E172933A7C500086F43 /* ClockWorkNoAngst.xcdatamodeld */; };
		5D663E232933A7C500086F43 /* ClockWorkNoAngstTests.swift in Sources */ = {isa = PBXBuildFile; fileRef = 5D663E222933A7C500086F43 /* ClockWorkNoAngstTests.swift */; };
		5D663E2D2933A7C500086F43 /* ClockWorkNoAngstUITests.swift in Sources */ = {isa = PBXBuildFile; fileRef = 5D663E2C2933A7C500086F43 /* ClockWorkNoAngstUITests.swift */; };
		5D663E2F2933A7C500086F43 /* ClockWorkNoAngstUITestsLaunchTests.swift in Sources */ = {isa = PBXBuildFile; fileRef = 5D663E2E2933A7C500086F43 /* ClockWorkNoAngstUITestsLaunchTests.swift */; };
		5D663E3C2933A94100086F43 /* GoogleService-Info.plist in Resources */ = {isa = PBXBuildFile; fileRef = 5D663E3B2933A94000086F43 /* GoogleService-Info.plist */; };
		5D663E3F2933AB8900086F43 /* FirebaseAuth in Frameworks */ = {isa = PBXBuildFile; productRef = 5D663E3E2933AB8900086F43 /* FirebaseAuth */; };
		5D663E412933AB8900086F43 /* FirebaseFirestore in Frameworks */ = {isa = PBXBuildFile; productRef = 5D663E402933AB8900086F43 /* FirebaseFirestore */; };
		5D663E432933AB8900086F43 /* FirebaseFirestoreSwift in Frameworks */ = {isa = PBXBuildFile; productRef = 5D663E422933AB8900086F43 /* FirebaseFirestoreSwift */; };
		5DBFC8FD2933C07B005BC8EE /* FirestoreManager.swift in Sources */ = {isa = PBXBuildFile; fileRef = 5DBFC8FC2933C07A005BC8EE /* FirestoreManager.swift */; };
		5DBFC9002933DDD9005BC8EE /* DatabaseConnectionUser.swift in Sources */ = {isa = PBXBuildFile; fileRef = 5DBFC8FF2933DDD9005BC8EE /* DatabaseConnectionUser.swift */; };
		5DBFC9022933E309005BC8EE /* AdDataFirestore.swift in Sources */ = {isa = PBXBuildFile; fileRef = 5DBFC9012933E309005BC8EE /* AdDataFirestore.swift */; };
		5DBFC9062933EBCD005BC8EE /* TaskRow.swift in Sources */ = {isa = PBXBuildFile; fileRef = 5DBFC9052933EBCD005BC8EE /* TaskRow.swift */; };
		5DBFC9092933EC84005BC8EE /* BackGroundAnimations.swift in Sources */ = {isa = PBXBuildFile; fileRef = 5DBFC9082933EC84005BC8EE /* BackGroundAnimations.swift */; };
		5DBFC90B2933ECDC005BC8EE /* AnimatableFont.swift in Sources */ = {isa = PBXBuildFile; fileRef = 5DBFC90A2933ECDC005BC8EE /* AnimatableFont.swift */; };
		5DBFC90D2933ED01005BC8EE /* TaskView.swift in Sources */ = {isa = PBXBuildFile; fileRef = 5DBFC90C2933ED01005BC8EE /* TaskView.swift */; };
		5DBFC90F2933EE32005BC8EE /* AddtaskView.swift in Sources */ = {isa = PBXBuildFile; fileRef = 5DBFC90E2933EE32005BC8EE /* AddtaskView.swift */; };
/* End PBXBuildFile section */

/* Begin PBXContainerItemProxy section */
		5D663E1F2933A7C500086F43 /* PBXContainerItemProxy */ = {
			isa = PBXContainerItemProxy;
			containerPortal = 5D663E012933A7C000086F43 /* Project object */;
			proxyType = 1;
			remoteGlobalIDString = 5D663E082933A7C000086F43;
			remoteInfo = ClockWorkNoAngst;
		};
		5D663E292933A7C500086F43 /* PBXContainerItemProxy */ = {
			isa = PBXContainerItemProxy;
			containerPortal = 5D663E012933A7C000086F43 /* Project object */;
			proxyType = 1;
			remoteGlobalIDString = 5D663E082933A7C000086F43;
			remoteInfo = ClockWorkNoAngst;
		};
/* End PBXContainerItemProxy section */

/* Begin PBXFileReference section */
		5D663E092933A7C000086F43 /* ClockWorkNoAngst.app */ = {isa = PBXFileReference; explicitFileType = wrapper.application; includeInIndex = 0; path = ClockWorkNoAngst.app; sourceTree = BUILT_PRODUCTS_DIR; };
		5D663E0C2933A7C000086F43 /* ClockWorkNoAngstApp.swift */ = {isa = PBXFileReference; lastKnownFileType = sourcecode.swift; path = ClockWorkNoAngstApp.swift; sourceTree = "<group>"; };
		5D663E0E2933A7C000086F43 /* ContentView.swift */ = {isa = PBXFileReference; lastKnownFileType = sourcecode.swift; path = ContentView.swift; sourceTree = "<group>"; };
		5D663E102933A7C500086F43 /* Assets.xcassets */ = {isa = PBXFileReference; lastKnownFileType = folder.assetcatalog; path = Assets.xcassets; sourceTree = "<group>"; };
		5D663E132933A7C500086F43 /* Preview Assets.xcassets */ = {isa = PBXFileReference; lastKnownFileType = folder.assetcatalog; path = "Preview Assets.xcassets"; sourceTree = "<group>"; };
		5D663E152933A7C500086F43 /* Persistence.swift */ = {isa = PBXFileReference; lastKnownFileType = sourcecode.swift; path = Persistence.swift; sourceTree = "<group>"; };
		5D663E182933A7C500086F43 /* ClockWorkNoAngst.xcdatamodel */ = {isa = PBXFileReference; lastKnownFileType = wrapper.xcdatamodel; path = ClockWorkNoAngst.xcdatamodel; sourceTree = "<group>"; };
		5D663E1E2933A7C500086F43 /* ClockWorkNoAngstTests.xctest */ = {isa = PBXFileReference; explicitFileType = wrapper.cfbundle; includeInIndex = 0; path = ClockWorkNoAngstTests.xctest; sourceTree = BUILT_PRODUCTS_DIR; };
		5D663E222933A7C500086F43 /* ClockWorkNoAngstTests.swift */ = {isa = PBXFileReference; lastKnownFileType = sourcecode.swift; path = ClockWorkNoAngstTests.swift; sourceTree = "<group>"; };
		5D663E282933A7C500086F43 /* ClockWorkNoAngstUITests.xctest */ = {isa = PBXFileReference; explicitFileType = wrapper.cfbundle; includeInIndex = 0; path = ClockWorkNoAngstUITests.xctest; sourceTree = BUILT_PRODUCTS_DIR; };
		5D663E2C2933A7C500086F43 /* ClockWorkNoAngstUITests.swift */ = {isa = PBXFileReference; lastKnownFileType = sourcecode.swift; path = ClockWorkNoAngstUITests.swift; sourceTree = "<group>"; };
		5D663E2E2933A7C500086F43 /* ClockWorkNoAngstUITestsLaunchTests.swift */ = {isa = PBXFileReference; lastKnownFileType = sourcecode.swift; path = ClockWorkNoAngstUITestsLaunchTests.swift; sourceTree = "<group>"; };
		5D663E3B2933A94000086F43 /* GoogleService-Info.plist */ = {isa = PBXFileReference; fileEncoding = 4; lastKnownFileType = text.plist.xml; path = "GoogleService-Info.plist"; sourceTree = "<group>"; };
		5DBFC8FC2933C07A005BC8EE /* FirestoreManager.swift */ = {isa = PBXFileReference; lastKnownFileType = sourcecode.swift; path = FirestoreManager.swift; sourceTree = "<group>"; };
		5DBFC8FF2933DDD9005BC8EE /* DatabaseConnectionUser.swift */ = {isa = PBXFileReference; lastKnownFileType = sourcecode.swift; path = DatabaseConnectionUser.swift; sourceTree = "<group>"; };
		5DBFC9012933E309005BC8EE /* AdDataFirestore.swift */ = {isa = PBXFileReference; lastKnownFileType = sourcecode.swift; path = AdDataFirestore.swift; sourceTree = "<group>"; };
		5DBFC9052933EBCD005BC8EE /* TaskRow.swift */ = {isa = PBXFileReference; lastKnownFileType = sourcecode.swift; path = TaskRow.swift; sourceTree = "<group>"; };
		5DBFC9082933EC84005BC8EE /* BackGroundAnimations.swift */ = {isa = PBXFileReference; lastKnownFileType = sourcecode.swift; path = BackGroundAnimations.swift; sourceTree = "<group>"; };
		5DBFC90A2933ECDC005BC8EE /* AnimatableFont.swift */ = {isa = PBXFileReference; lastKnownFileType = sourcecode.swift; path = AnimatableFont.swift; sourceTree = "<group>"; };
		5DBFC90C2933ED01005BC8EE /* TaskView.swift */ = {isa = PBXFileReference; lastKnownFileType = sourcecode.swift; path = TaskView.swift; sourceTree = "<group>"; };
		5DBFC90E2933EE32005BC8EE /* AddtaskView.swift */ = {isa = PBXFileReference; lastKnownFileType = sourcecode.swift; path = AddtaskView.swift; sourceTree = "<group>"; };
/* End PBXFileReference section */

/* Begin PBXFrameworksBuildPhase section */
		5D663E062933A7C000086F43 /* Frameworks */ = {
			isa = PBXFrameworksBuildPhase;
			buildActionMask = 2147483647;
			files = (
				5D663E3F2933AB8900086F43 /* FirebaseAuth in Frameworks */,
				5D663E412933AB8900086F43 /* FirebaseFirestore in Frameworks */,
				5D663E432933AB8900086F43 /* FirebaseFirestoreSwift in Frameworks */,
			);
			runOnlyForDeploymentPostprocessing = 0;
		};
		5D663E1B2933A7C500086F43 /* Frameworks */ = {
			isa = PBXFrameworksBuildPhase;
			buildActionMask = 2147483647;
			files = (
			);
			runOnlyForDeploymentPostprocessing = 0;
		};
		5D663E252933A7C500086F43 /* Frameworks */ = {
			isa = PBXFrameworksBuildPhase;
			buildActionMask = 2147483647;
			files = (
			);
			runOnlyForDeploymentPostprocessing = 0;
		};
/* End PBXFrameworksBuildPhase section */

/* Begin PBXGroup section */
		5D663E002933A7C000086F43 = {
			isa = PBXGroup;
			children = (
				5D663E0B2933A7C000086F43 /* ClockWorkNoAngst */,
				5D663E212933A7C500086F43 /* ClockWorkNoAngstTests */,
				5D663E2B2933A7C500086F43 /* ClockWorkNoAngstUITests */,
				5D663E0A2933A7C000086F43 /* Products */,
			);
			sourceTree = "<group>";
		};
		5D663E0A2933A7C000086F43 /* Products */ = {
			isa = PBXGroup;
			children = (
				5D663E092933A7C000086F43 /* ClockWorkNoAngst.app */,
				5D663E1E2933A7C500086F43 /* ClockWorkNoAngstTests.xctest */,
				5D663E282933A7C500086F43 /* ClockWorkNoAngstUITests.xctest */,
			);
			name = Products;
			sourceTree = "<group>";
		};
		5D663E0B2933A7C000086F43 /* ClockWorkNoAngst */ = {
			isa = PBXGroup;
			children = (
				5DBFC9072933EC4F005BC8EE /* Modifiers */,
				5DBFC9042933EBAE005BC8EE /* tasks */,
				5DBFC8FE2933C711005BC8EE /* Views */,
				5DBFC8FB2933C04E005BC8EE /* Managers */,
				5D663E0C2933A7C000086F43 /* ClockWorkNoAngstApp.swift */,
				5D663E102933A7C500086F43 /* Assets.xcassets */,
				5D663E152933A7C500086F43 /* Persistence.swift */,
				5D663E3B2933A94000086F43 /* GoogleService-Info.plist */,
				5D663E172933A7C500086F43 /* ClockWorkNoAngst.xcdatamodeld */,
				5D663E122933A7C500086F43 /* Preview Content */,
			);
			path = ClockWorkNoAngst;
			sourceTree = "<group>";
		};
		5D663E122933A7C500086F43 /* Preview Content */ = {
			isa = PBXGroup;
			children = (
				5D663E132933A7C500086F43 /* Preview Assets.xcassets */,
			);
			path = "Preview Content";
			sourceTree = "<group>";
		};
		5D663E212933A7C500086F43 /* ClockWorkNoAngstTests */ = {
			isa = PBXGroup;
			children = (
				5D663E222933A7C500086F43 /* ClockWorkNoAngstTests.swift */,
			);
			path = ClockWorkNoAngstTests;
			sourceTree = "<group>";
		};
		5D663E2B2933A7C500086F43 /* ClockWorkNoAngstUITests */ = {
			isa = PBXGroup;
			children = (
				5D663E2C2933A7C500086F43 /* ClockWorkNoAngstUITests.swift */,
				5D663E2E2933A7C500086F43 /* ClockWorkNoAngstUITestsLaunchTests.swift */,
			);
			path = ClockWorkNoAngstUITests;
			sourceTree = "<group>";
		};
		5DBFC8FB2933C04E005BC8EE /* Managers */ = {
			isa = PBXGroup;
			children = (
				5DBFC8FC2933C07A005BC8EE /* FirestoreManager.swift */,
				5DBFC8FF2933DDD9005BC8EE /* DatabaseConnectionUser.swift */,
				5DBFC9012933E309005BC8EE /* AdDataFirestore.swift */,
			);
			path = Managers;
			sourceTree = "<group>";
		};
		5DBFC8FE2933C711005BC8EE /* Views */ = {
			isa = PBXGroup;
			children = (
				5D663E0E2933A7C000086F43 /* ContentView.swift */,
			);
			path = Views;
			sourceTree = "<group>";
		};
		5DBFC9042933EBAE005BC8EE /* tasks */ = {
			isa = PBXGroup;
			children = (
				5DBFC9052933EBCD005BC8EE /* TaskRow.swift */,
				5DBFC90C2933ED01005BC8EE /* TaskView.swift */,
				5DBFC90E2933EE32005BC8EE /* AddtaskView.swift */,
			);
			path = tasks;
			sourceTree = "<group>";
		};
		5DBFC9072933EC4F005BC8EE /* Modifiers */ = {
			isa = PBXGroup;
			children = (
				5DBFC9082933EC84005BC8EE /* BackGroundAnimations.swift */,
				5DBFC90A2933ECDC005BC8EE /* AnimatableFont.swift */,
			);
			path = Modifiers;
			sourceTree = "<group>";
		};
/* End PBXGroup section */

/* Begin PBXNativeTarget section */
		5D663E082933A7C000086F43 /* ClockWorkNoAngst */ = {
			isa = PBXNativeTarget;
			buildConfigurationList = 5D663E322933A7C500086F43 /* Build configuration list for PBXNativeTarget "ClockWorkNoAngst" */;
			buildPhases = (
				5D663E052933A7C000086F43 /* Sources */,
				5D663E062933A7C000086F43 /* Frameworks */,
				5D663E072933A7C000086F43 /* Resources */,
			);
			buildRules = (
			);
			dependencies = (
			);
			name = ClockWorkNoAngst;
			packageProductDependencies = (
				5D663E3E2933AB8900086F43 /* FirebaseAuth */,
				5D663E402933AB8900086F43 /* FirebaseFirestore */,
				5D663E422933AB8900086F43 /* FirebaseFirestoreSwift */,
			);
			productName = ClockWorkNoAngst;
			productReference = 5D663E092933A7C000086F43 /* ClockWorkNoAngst.app */;
			productType = "com.apple.product-type.application";
		};
		5D663E1D2933A7C500086F43 /* ClockWorkNoAngstTests */ = {
			isa = PBXNativeTarget;
			buildConfigurationList = 5D663E352933A7C500086F43 /* Build configuration list for PBXNativeTarget "ClockWorkNoAngstTests" */;
			buildPhases = (
				5D663E1A2933A7C500086F43 /* Sources */,
				5D663E1B2933A7C500086F43 /* Frameworks */,
				5D663E1C2933A7C500086F43 /* Resources */,
			);
			buildRules = (
			);
			dependencies = (
				5D663E202933A7C500086F43 /* PBXTargetDependency */,
			);
			name = ClockWorkNoAngstTests;
			productName = ClockWorkNoAngstTests;
			productReference = 5D663E1E2933A7C500086F43 /* ClockWorkNoAngstTests.xctest */;
			productType = "com.apple.product-type.bundle.unit-test";
		};
		5D663E272933A7C500086F43 /* ClockWorkNoAngstUITests */ = {
			isa = PBXNativeTarget;
			buildConfigurationList = 5D663E382933A7C500086F43 /* Build configuration list for PBXNativeTarget "ClockWorkNoAngstUITests" */;
			buildPhases = (
				5D663E242933A7C500086F43 /* Sources */,
				5D663E252933A7C500086F43 /* Frameworks */,
				5D663E262933A7C500086F43 /* Resources */,
			);
			buildRules = (
			);
			dependencies = (
				5D663E2A2933A7C500086F43 /* PBXTargetDependency */,
			);
			name = ClockWorkNoAngstUITests;
			productName = ClockWorkNoAngstUITests;
			productReference = 5D663E282933A7C500086F43 /* ClockWorkNoAngstUITests.xctest */;
			productType = "com.apple.product-type.bundle.ui-testing";
		};
/* End PBXNativeTarget section */

/* Begin PBXProject section */
		5D663E012933A7C000086F43 /* Project object */ = {
			isa = PBXProject;
			attributes = {
				BuildIndependentTargetsInParallel = 1;
				LastSwiftUpdateCheck = 1410;
				LastUpgradeCheck = 1410;
				TargetAttributes = {
					5D663E082933A7C000086F43 = {
						CreatedOnToolsVersion = 14.1;
					};
					5D663E1D2933A7C500086F43 = {
						CreatedOnToolsVersion = 14.1;
						TestTargetID = 5D663E082933A7C000086F43;
					};
					5D663E272933A7C500086F43 = {
						CreatedOnToolsVersion = 14.1;
						TestTargetID = 5D663E082933A7C000086F43;
					};
				};
			};
			buildConfigurationList = 5D663E042933A7C000086F43 /* Build configuration list for PBXProject "ClockWorkNoAngst" */;
			compatibilityVersion = "Xcode 14.0";
			developmentRegion = en;
			hasScannedForEncodings = 0;
			knownRegions = (
				en,
				Base,
			);
			mainGroup = 5D663E002933A7C000086F43;
			packageReferences = (
				5D663E3D2933AB8900086F43 /* XCRemoteSwiftPackageReference "firebase-ios-sdk" */,
			);
			productRefGroup = 5D663E0A2933A7C000086F43 /* Products */;
			projectDirPath = "";
			projectRoot = "";
			targets = (
				5D663E082933A7C000086F43 /* ClockWorkNoAngst */,
				5D663E1D2933A7C500086F43 /* ClockWorkNoAngstTests */,
				5D663E272933A7C500086F43 /* ClockWorkNoAngstUITests */,
			);
		};
/* End PBXProject section */

/* Begin PBXResourcesBuildPhase section */
		5D663E072933A7C000086F43 /* Resources */ = {
			isa = PBXResourcesBuildPhase;
			buildActionMask = 2147483647;
			files = (
				5D663E3C2933A94100086F43 /* GoogleService-Info.plist in Resources */,
				5D663E142933A7C500086F43 /* Preview Assets.xcassets in Resources */,
				5D663E112933A7C500086F43 /* Assets.xcassets in Resources */,
			);
			runOnlyForDeploymentPostprocessing = 0;
		};
		5D663E1C2933A7C500086F43 /* Resources */ = {
			isa = PBXResourcesBuildPhase;
			buildActionMask = 2147483647;
			files = (
			);
			runOnlyForDeploymentPostprocessing = 0;
		};
		5D663E262933A7C500086F43 /* Resources */ = {
			isa = PBXResourcesBuildPhase;
			buildActionMask = 2147483647;
			files = (
			);
			runOnlyForDeploymentPostprocessing = 0;
		};
/* End PBXResourcesBuildPhase section */

/* Begin PBXSourcesBuildPhase section */
		5D663E052933A7C000086F43 /* Sources */ = {
			isa = PBXSourcesBuildPhase;
			buildActionMask = 2147483647;
			files = (
				5DBFC90B2933ECDC005BC8EE /* AnimatableFont.swift in Sources */,
				5D663E162933A7C500086F43 /* Persistence.swift in Sources */,
				5DBFC9002933DDD9005BC8EE /* DatabaseConnectionUser.swift in Sources */,
				5DBFC8FD2933C07B005BC8EE /* FirestoreManager.swift in Sources */,
				5DBFC9062933EBCD005BC8EE /* TaskRow.swift in Sources */,
				5D663E0F2933A7C000086F43 /* ContentView.swift in Sources */,
				5D663E192933A7C500086F43 /* ClockWorkNoAngst.xcdatamodeld in Sources */,
				5DBFC90F2933EE32005BC8EE /* AddtaskView.swift in Sources */,
				5D663E0D2933A7C000086F43 /* ClockWorkNoAngstApp.swift in Sources */,
				5DBFC9022933E309005BC8EE /* AdDataFirestore.swift in Sources */,
				5DBFC90D2933ED01005BC8EE /* TaskView.swift in Sources */,
				5DBFC9092933EC84005BC8EE /* BackGroundAnimations.swift in Sources */,
			);
			runOnlyForDeploymentPostprocessing = 0;
		};
		5D663E1A2933A7C500086F43 /* Sources */ = {
			isa = PBXSourcesBuildPhase;
			buildActionMask = 2147483647;
			files = (
				5D663E232933A7C500086F43 /* ClockWorkNoAngstTests.swift in Sources */,
			);
			runOnlyForDeploymentPostprocessing = 0;
		};
		5D663E242933A7C500086F43 /* Sources */ = {
			isa = PBXSourcesBuildPhase;
			buildActionMask = 2147483647;
			files = (
				5D663E2D2933A7C500086F43 /* ClockWorkNoAngstUITests.swift in Sources */,
				5D663E2F2933A7C500086F43 /* ClockWorkNoAngstUITestsLaunchTests.swift in Sources */,
			);
			runOnlyForDeploymentPostprocessing = 0;
		};
/* End PBXSourcesBuildPhase section */

/* Begin PBXTargetDependency section */
		5D663E202933A7C500086F43 /* PBXTargetDependency */ = {
			isa = PBXTargetDependency;
			target = 5D663E082933A7C000086F43 /* ClockWorkNoAngst */;
			targetProxy = 5D663E1F2933A7C500086F43 /* PBXContainerItemProxy */;
		};
		5D663E2A2933A7C500086F43 /* PBXTargetDependency */ = {
			isa = PBXTargetDependency;
			target = 5D663E082933A7C000086F43 /* ClockWorkNoAngst */;
			targetProxy = 5D663E292933A7C500086F43 /* PBXContainerItemProxy */;
		};
/* End PBXTargetDependency section */

/* Begin XCBuildConfiguration section */
		5D663E302933A7C500086F43 /* Debug */ = {
			isa = XCBuildConfiguration;
			buildSettings = {
				ALWAYS_SEARCH_USER_PATHS = NO;
				CLANG_ANALYZER_NONNULL = YES;
				CLANG_ANALYZER_NUMBER_OBJECT_CONVERSION = YES_AGGRESSIVE;
				CLANG_CXX_LANGUAGE_STANDARD = "gnu++20";
				CLANG_ENABLE_MODULES = YES;
				CLANG_ENABLE_OBJC_ARC = YES;
				CLANG_ENABLE_OBJC_WEAK = YES;
				CLANG_WARN_BLOCK_CAPTURE_AUTORELEASING = YES;
				CLANG_WARN_BOOL_CONVERSION = YES;
				CLANG_WARN_COMMA = YES;
				CLANG_WARN_CONSTANT_CONVERSION = YES;
				CLANG_WARN_DEPRECATED_OBJC_IMPLEMENTATIONS = YES;
				CLANG_WARN_DIRECT_OBJC_ISA_USAGE = YES_ERROR;
				CLANG_WARN_DOCUMENTATION_COMMENTS = YES;
				CLANG_WARN_EMPTY_BODY = YES;
				CLANG_WARN_ENUM_CONVERSION = YES;
				CLANG_WARN_INFINITE_RECURSION = YES;
				CLANG_WARN_INT_CONVERSION = YES;
				CLANG_WARN_NON_LITERAL_NULL_CONVERSION = YES;
				CLANG_WARN_OBJC_IMPLICIT_RETAIN_SELF = YES;
				CLANG_WARN_OBJC_LITERAL_CONVERSION = YES;
				CLANG_WARN_OBJC_ROOT_CLASS = YES_ERROR;
				CLANG_WARN_QUOTED_INCLUDE_IN_FRAMEWORK_HEADER = YES;
				CLANG_WARN_RANGE_LOOP_ANALYSIS = YES;
				CLANG_WARN_STRICT_PROTOTYPES = YES;
				CLANG_WARN_SUSPICIOUS_MOVE = YES;
				CLANG_WARN_UNGUARDED_AVAILABILITY = YES_AGGRESSIVE;
				CLANG_WARN_UNREACHABLE_CODE = YES;
				CLANG_WARN__DUPLICATE_METHOD_MATCH = YES;
				COPY_PHASE_STRIP = NO;
				DEBUG_INFORMATION_FORMAT = dwarf;
				ENABLE_STRICT_OBJC_MSGSEND = YES;
				ENABLE_TESTABILITY = YES;
				GCC_C_LANGUAGE_STANDARD = gnu11;
				GCC_DYNAMIC_NO_PIC = NO;
				GCC_NO_COMMON_BLOCKS = YES;
				GCC_OPTIMIZATION_LEVEL = 0;
				GCC_PREPROCESSOR_DEFINITIONS = (
					"DEBUG=1",
					"$(inherited)",
				);
				GCC_WARN_64_TO_32_BIT_CONVERSION = YES;
				GCC_WARN_ABOUT_RETURN_TYPE = YES_ERROR;
				GCC_WARN_UNDECLARED_SELECTOR = YES;
				GCC_WARN_UNINITIALIZED_AUTOS = YES_AGGRESSIVE;
				GCC_WARN_UNUSED_FUNCTION = YES;
				GCC_WARN_UNUSED_VARIABLE = YES;
				IPHONEOS_DEPLOYMENT_TARGET = 16.1;
				MTL_ENABLE_DEBUG_INFO = INCLUDE_SOURCE;
				MTL_FAST_MATH = YES;
				ONLY_ACTIVE_ARCH = YES;
				SDKROOT = iphoneos;
				SWIFT_ACTIVE_COMPILATION_CONDITIONS = DEBUG;
				SWIFT_OPTIMIZATION_LEVEL = "-Onone";
			};
			name = Debug;
		};
		5D663E312933A7C500086F43 /* Release */ = {
			isa = XCBuildConfiguration;
			buildSettings = {
				ALWAYS_SEARCH_USER_PATHS = NO;
				CLANG_ANALYZER_NONNULL = YES;
				CLANG_ANALYZER_NUMBER_OBJECT_CONVERSION = YES_AGGRESSIVE;
				CLANG_CXX_LANGUAGE_STANDARD = "gnu++20";
				CLANG_ENABLE_MODULES = YES;
				CLANG_ENABLE_OBJC_ARC = YES;
				CLANG_ENABLE_OBJC_WEAK = YES;
				CLANG_WARN_BLOCK_CAPTURE_AUTORELEASING = YES;
				CLANG_WARN_BOOL_CONVERSION = YES;
				CLANG_WARN_COMMA = YES;
				CLANG_WARN_CONSTANT_CONVERSION = YES;
				CLANG_WARN_DEPRECATED_OBJC_IMPLEMENTATIONS = YES;
				CLANG_WARN_DIRECT_OBJC_ISA_USAGE = YES_ERROR;
				CLANG_WARN_DOCUMENTATION_COMMENTS = YES;
				CLANG_WARN_EMPTY_BODY = YES;
				CLANG_WARN_ENUM_CONVERSION = YES;
				CLANG_WARN_INFINITE_RECURSION = YES;
				CLANG_WARN_INT_CONVERSION = YES;
				CLANG_WARN_NON_LITERAL_NULL_CONVERSION = YES;
				CLANG_WARN_OBJC_IMPLICIT_RETAIN_SELF = YES;
				CLANG_WARN_OBJC_LITERAL_CONVERSION = YES;
				CLANG_WARN_OBJC_ROOT_CLASS = YES_ERROR;
				CLANG_WARN_QUOTED_INCLUDE_IN_FRAMEWORK_HEADER = YES;
				CLANG_WARN_RANGE_LOOP_ANALYSIS = YES;
				CLANG_WARN_STRICT_PROTOTYPES = YES;
				CLANG_WARN_SUSPICIOUS_MOVE = YES;
				CLANG_WARN_UNGUARDED_AVAILABILITY = YES_AGGRESSIVE;
				CLANG_WARN_UNREACHABLE_CODE = YES;
				CLANG_WARN__DUPLICATE_METHOD_MATCH = YES;
				COPY_PHASE_STRIP = NO;
				DEBUG_INFORMATION_FORMAT = "dwarf-with-dsym";
				ENABLE_NS_ASSERTIONS = NO;
				ENABLE_STRICT_OBJC_MSGSEND = YES;
				GCC_C_LANGUAGE_STANDARD = gnu11;
				GCC_NO_COMMON_BLOCKS = YES;
				GCC_WARN_64_TO_32_BIT_CONVERSION = YES;
				GCC_WARN_ABOUT_RETURN_TYPE = YES_ERROR;
				GCC_WARN_UNDECLARED_SELECTOR = YES;
				GCC_WARN_UNINITIALIZED_AUTOS = YES_AGGRESSIVE;
				GCC_WARN_UNUSED_FUNCTION = YES;
				GCC_WARN_UNUSED_VARIABLE = YES;
				IPHONEOS_DEPLOYMENT_TARGET = 16.1;
				MTL_ENABLE_DEBUG_INFO = NO;
				MTL_FAST_MATH = YES;
				SDKROOT = iphoneos;
				SWIFT_COMPILATION_MODE = wholemodule;
				SWIFT_OPTIMIZATION_LEVEL = "-O";
				VALIDATE_PRODUCT = YES;
			};
			name = Release;
		};
		5D663E332933A7C500086F43 /* Debug */ = {
			isa = XCBuildConfiguration;
			buildSettings = {
				ASSETCATALOG_COMPILER_APPICON_NAME = AppIcon;
				ASSETCATALOG_COMPILER_GLOBAL_ACCENT_COLOR_NAME = AccentColor;
				CODE_SIGN_STYLE = Automatic;
				CURRENT_PROJECT_VERSION = 1;
				DEVELOPMENT_ASSET_PATHS = "\"ClockWorkNoAngst/Preview Content\"";
				DEVELOPMENT_TEAM = 3V6VBR765T;
				ENABLE_PREVIEWS = YES;
				GENERATE_INFOPLIST_FILE = YES;
				INFOPLIST_KEY_UIApplicationSceneManifest_Generation = YES;
				INFOPLIST_KEY_UIApplicationSupportsIndirectInputEvents = YES;
				INFOPLIST_KEY_UILaunchScreen_Generation = YES;
				INFOPLIST_KEY_UISupportedInterfaceOrientations_iPad = "UIInterfaceOrientationPortrait UIInterfaceOrientationPortraitUpsideDown UIInterfaceOrientationLandscapeLeft UIInterfaceOrientationLandscapeRight";
				INFOPLIST_KEY_UISupportedInterfaceOrientations_iPhone = "UIInterfaceOrientationPortrait UIInterfaceOrientationLandscapeLeft UIInterfaceOrientationLandscapeRight";
				LD_RUNPATH_SEARCH_PATHS = (
					"$(inherited)",
					"@executable_path/Frameworks",
				);
				MARKETING_VERSION = 1.0;
				PRODUCT_BUNDLE_IDENTIFIER = alexanderaspman.nu.ClockWorkNoAngst;
				PRODUCT_NAME = "$(TARGET_NAME)";
				SWIFT_EMIT_LOC_STRINGS = YES;
				SWIFT_VERSION = 5.0;
				TARGETED_DEVICE_FAMILY = "1,2";
			};
			name = Debug;
		};
		5D663E342933A7C500086F43 /* Release */ = {
			isa = XCBuildConfiguration;
			buildSettings = {
				ASSETCATALOG_COMPILER_APPICON_NAME = AppIcon;
				ASSETCATALOG_COMPILER_GLOBAL_ACCENT_COLOR_NAME = AccentColor;
				CODE_SIGN_STYLE = Automatic;
				CURRENT_PROJECT_VERSION = 1;
				DEVELOPMENT_ASSET_PATHS = "\"ClockWorkNoAngst/Preview Content\"";
				DEVELOPMENT_TEAM = 3V6VBR765T;
				ENABLE_PREVIEWS = YES;
				GENERATE_INFOPLIST_FILE = YES;
				INFOPLIST_KEY_UIApplicationSceneManifest_Generation = YES;
				INFOPLIST_KEY_UIApplicationSupportsIndirectInputEvents = YES;
				INFOPLIST_KEY_UILaunchScreen_Generation = YES;
				INFOPLIST_KEY_UISupportedInterfaceOrientations_iPad = "UIInterfaceOrientationPortrait UIInterfaceOrientationPortraitUpsideDown UIInterfaceOrientationLandscapeLeft UIInterfaceOrientationLandscapeRight";
				INFOPLIST_KEY_UISupportedInterfaceOrientations_iPhone = "UIInterfaceOrientationPortrait UIInterfaceOrientationLandscapeLeft UIInterfaceOrientationLandscapeRight";
				LD_RUNPATH_SEARCH_PATHS = (
					"$(inherited)",
					"@executable_path/Frameworks",
				);
				MARKETING_VERSION = 1.0;
				PRODUCT_BUNDLE_IDENTIFIER = alexanderaspman.nu.ClockWorkNoAngst;
				PRODUCT_NAME = "$(TARGET_NAME)";
				SWIFT_EMIT_LOC_STRINGS = YES;
				SWIFT_VERSION = 5.0;
				TARGETED_DEVICE_FAMILY = "1,2";
			};
			name = Release;
		};
		5D663E362933A7C500086F43 /* Debug */ = {
			isa = XCBuildConfiguration;
			buildSettings = {
				ALWAYS_EMBED_SWIFT_STANDARD_LIBRARIES = YES;
				BUNDLE_LOADER = "$(TEST_HOST)";
				CODE_SIGN_STYLE = Automatic;
				CURRENT_PROJECT_VERSION = 1;
				DEVELOPMENT_TEAM = 3V6VBR765T;
				GENERATE_INFOPLIST_FILE = YES;
				IPHONEOS_DEPLOYMENT_TARGET = 16.1;
				MARKETING_VERSION = 1.0;
				PRODUCT_BUNDLE_IDENTIFIER = alexanderaspman.nu.ClockWorkNoAngstTests;
				PRODUCT_NAME = "$(TARGET_NAME)";
				SWIFT_EMIT_LOC_STRINGS = NO;
				SWIFT_VERSION = 5.0;
				TARGETED_DEVICE_FAMILY = "1,2";
				TEST_HOST = "$(BUILT_PRODUCTS_DIR)/ClockWorkNoAngst.app/$(BUNDLE_EXECUTABLE_FOLDER_PATH)/ClockWorkNoAngst";
			};
			name = Debug;
		};
		5D663E372933A7C500086F43 /* Release */ = {
			isa = XCBuildConfiguration;
			buildSettings = {
				ALWAYS_EMBED_SWIFT_STANDARD_LIBRARIES = YES;
				BUNDLE_LOADER = "$(TEST_HOST)";
				CODE_SIGN_STYLE = Automatic;
				CURRENT_PROJECT_VERSION = 1;
				DEVELOPMENT_TEAM = 3V6VBR765T;
				GENERATE_INFOPLIST_FILE = YES;
				IPHONEOS_DEPLOYMENT_TARGET = 16.1;
				MARKETING_VERSION = 1.0;
				PRODUCT_BUNDLE_IDENTIFIER = alexanderaspman.nu.ClockWorkNoAngstTests;
				PRODUCT_NAME = "$(TARGET_NAME)";
				SWIFT_EMIT_LOC_STRINGS = NO;
				SWIFT_VERSION = 5.0;
				TARGETED_DEVICE_FAMILY = "1,2";
				TEST_HOST = "$(BUILT_PRODUCTS_DIR)/ClockWorkNoAngst.app/$(BUNDLE_EXECUTABLE_FOLDER_PATH)/ClockWorkNoAngst";
			};
			name = Release;
		};
		5D663E392933A7C500086F43 /* Debug */ = {
			isa = XCBuildConfiguration;
			buildSettings = {
				ALWAYS_EMBED_SWIFT_STANDARD_LIBRARIES = YES;
				CODE_SIGN_STYLE = Automatic;
				CURRENT_PROJECT_VERSION = 1;
				DEVELOPMENT_TEAM = 3V6VBR765T;
				GENERATE_INFOPLIST_FILE = YES;
				MARKETING_VERSION = 1.0;
				PRODUCT_BUNDLE_IDENTIFIER = alexanderaspman.nu.ClockWorkNoAngstUITests;
				PRODUCT_NAME = "$(TARGET_NAME)";
				SWIFT_EMIT_LOC_STRINGS = NO;
				SWIFT_VERSION = 5.0;
				TARGETED_DEVICE_FAMILY = "1,2";
				TEST_TARGET_NAME = ClockWorkNoAngst;
			};
			name = Debug;
		};
		5D663E3A2933A7C500086F43 /* Release */ = {
			isa = XCBuildConfiguration;
			buildSettings = {
				ALWAYS_EMBED_SWIFT_STANDARD_LIBRARIES = YES;
				CODE_SIGN_STYLE = Automatic;
				CURRENT_PROJECT_VERSION = 1;
				DEVELOPMENT_TEAM = 3V6VBR765T;
				GENERATE_INFOPLIST_FILE = YES;
				MARKETING_VERSION = 1.0;
				PRODUCT_BUNDLE_IDENTIFIER = alexanderaspman.nu.ClockWorkNoAngstUITests;
				PRODUCT_NAME = "$(TARGET_NAME)";
				SWIFT_EMIT_LOC_STRINGS = NO;
				SWIFT_VERSION = 5.0;
				TARGETED_DEVICE_FAMILY = "1,2";
				TEST_TARGET_NAME = ClockWorkNoAngst;
			};
			name = Release;
		};
/* End XCBuildConfiguration section */

/* Begin XCConfigurationList section */
		5D663E042933A7C000086F43 /* Build configuration list for PBXProject "ClockWorkNoAngst" */ = {
			isa = XCConfigurationList;
			buildConfigurations = (
				5D663E302933A7C500086F43 /* Debug */,
				5D663E312933A7C500086F43 /* Release */,
			);
			defaultConfigurationIsVisible = 0;
			defaultConfigurationName = Release;
		};
		5D663E322933A7C500086F43 /* Build configuration list for PBXNativeTarget "ClockWorkNoAngst" */ = {
			isa = XCConfigurationList;
			buildConfigurations = (
				5D663E332933A7C500086F43 /* Debug */,
				5D663E342933A7C500086F43 /* Release */,
			);
			defaultConfigurationIsVisible = 0;
			defaultConfigurationName = Release;
		};
		5D663E352933A7C500086F43 /* Build configuration list for PBXNativeTarget "ClockWorkNoAngstTests" */ = {
			isa = XCConfigurationList;
			buildConfigurations = (
				5D663E362933A7C500086F43 /* Debug */,
				5D663E372933A7C500086F43 /* Release */,
			);
			defaultConfigurationIsVisible = 0;
			defaultConfigurationName = Release;
		};
		5D663E382933A7C500086F43 /* Build configuration list for PBXNativeTarget "ClockWorkNoAngstUITests" */ = {
			isa = XCConfigurationList;
			buildConfigurations = (
				5D663E392933A7C500086F43 /* Debug */,
				5D663E3A2933A7C500086F43 /* Release */,
			);
			defaultConfigurationIsVisible = 0;
			defaultConfigurationName = Release;
		};
/* End XCConfigurationList section */

/* Begin XCRemoteSwiftPackageReference section */
		5D663E3D2933AB8900086F43 /* XCRemoteSwiftPackageReference "firebase-ios-sdk" */ = {
			isa = XCRemoteSwiftPackageReference;
			repositoryURL = "https://github.com/firebase/firebase-ios-sdk.git";
			requirement = {
				branch = master;
				kind = branch;
			};
		};
/* End XCRemoteSwiftPackageReference section */

/* Begin XCSwiftPackageProductDependency section */
		5D663E3E2933AB8900086F43 /* FirebaseAuth */ = {
			isa = XCSwiftPackageProductDependency;
			package = 5D663E3D2933AB8900086F43 /* XCRemoteSwiftPackageReference "firebase-ios-sdk" */;
			productName = FirebaseAuth;
		};
		5D663E402933AB8900086F43 /* FirebaseFirestore */ = {
			isa = XCSwiftPackageProductDependency;
			package = 5D663E3D2933AB8900086F43 /* XCRemoteSwiftPackageReference "firebase-ios-sdk" */;
			productName = FirebaseFirestore;
		};
		5D663E422933AB8900086F43 /* FirebaseFirestoreSwift */ = {
			isa = XCSwiftPackageProductDependency;
			package = 5D663E3D2933AB8900086F43 /* XCRemoteSwiftPackageReference "firebase-ios-sdk" */;
			productName = FirebaseFirestoreSwift;
		};
/* End XCSwiftPackageProductDependency section */

/* Begin XCVersionGroup section */
		5D663E172933A7C500086F43 /* ClockWorkNoAngst.xcdatamodeld */ = {
			isa = XCVersionGroup;
			children = (
				5D663E182933A7C500086F43 /* ClockWorkNoAngst.xcdatamodel */,
			);
			currentVersion = 5D663E182933A7C500086F43 /* ClockWorkNoAngst.xcdatamodel */;
			path = ClockWorkNoAngst.xcdatamodeld;
			sourceTree = "<group>";
			versionGroupType = wrapper.xcdatamodel;
		};
/* End XCVersionGroup section */
	};
	rootObject = 5D663E012933A7C000086F43 /* Project object */;
}
